<?xml version="1.0" encoding="utf-8"?>
<Project ToolsVersion="4.0" xmlns="http://schemas.microsoft.com/developer/msbuild/2003">
  <ItemGroup>
    <Filter Include="Source Files">
      <UniqueIdentifier>{4FC737F1-C7A5-4376-A066-2A32D752A2FF}</UniqueIdentifier>
      <Extensions>cpp;c;cc;cxx;def;odl;idl;hpj;bat;asm;asmx</Extensions>
    </Filter>
    <Filter Include="Header Files">
      <UniqueIdentifier>{93995380-89BD-4b04-88EB-625FBE52EBFB}</UniqueIdentifier>
      <Extensions>h;hh;hpp;hxx;hm;inl;inc;xsd</Extensions>
    </Filter>
    <Filter Include="Resource Files">
      <UniqueIdentifier>{67DA6AB6-F800-4c08-8B7A-83BB121AAD01}</UniqueIdentifier>
      <Extensions>rc;ico;cur;bmp;dlg;rc2;rct;bin;rgs;gif;jpg;jpeg;jpe;resx;tiff;tif;png;wav;mfcribbon-ms</Extensions>
    </Filter>
    <Filter Include="Source Files\Laboratorinis_1">
      <UniqueIdentifier>{4f7358f1-484f-4a9a-9e0b-4be05177f395}</UniqueIdentifier>
    </Filter>
    <Filter Include="Source Files\Laboratorinis_2">
      <UniqueIdentifier>{d1016b8b-5d6e-42b5-be71-f2c029849490}</UniqueIdentifier>
    </Filter>
    <Filter Include="Source Files\Laboratorinis_3">
      <UniqueIdentifier>{e54ff4f4-047d-4bf2-b1ea-c2ffc2c17141}</UniqueIdentifier>
    </Filter>
  </ItemGroup>
  <ItemGroup>
    <Text Include="ReadMe.txt" />
    <Text Include="seka.txt">
      <Filter>Source Files\Laboratorinis_3</Filter>
    </Text>
    <Text Include="temp.txt">
      <Filter>Source Files\Laboratorinis_3</Filter>
    </Text>
    <Text Include="input.txt">
      <Filter>Source Files\Laboratorinis_3</Filter>
    </Text>
  </ItemGroup>
  <ItemGroup>
    <ClCompile Include="ProcedurinioProgramavimoLaboratoriniai.cpp">
      <Filter>Source Files</Filter>
    </ClCompile>
    <ClCompile Include="Lab1_Problem_1.cpp">
      <Filter>Source Files\Laboratorinis_1</Filter>
    </ClCompile>
    <ClCompile Include="Lab1_Problem_2.cpp">
      <Filter>Source Files\Laboratorinis_1</Filter>
    </ClCompile>
    <ClCompile Include="Lab1_Problem_3.cpp">
      <Filter>Source Files\Laboratorinis_1</Filter>
    </ClCompile>
    <ClCompile Include="Lab1_Problem_4.cpp">
      <Filter>Source Files\Laboratorinis_1</Filter>
    </ClCompile>
    <ClCompile Include="Lab1_Problem_5.cpp">
      <Filter>Source Files\Laboratorinis_1</Filter>
    </ClCompile>
    <ClCompile Include="Lab1_Problem_6.cpp">
      <Filter>Source Files\Laboratorinis_1</Filter>
    </ClCompile>
    <ClCompile Include="Lab1_Problem_7.cpp">
      <Filter>Source Files\Laboratorinis_1</Filter>
    </ClCompile>
    <ClCompile Include="Lab1_Problem_8.cpp">
      <Filter>Source Files\Laboratorinis_1</Filter>
    </ClCompile>
    <ClCompile Include="Lab1_Problem_9.cpp">
      <Filter>Source Files\Laboratorinis_1</Filter>
    </ClCompile>
    <ClCompile Include="Lab1_Problem_10.cpp">
      <Filter>Source Files\Laboratorinis_1</Filter>
    </ClCompile>
    <ClCompile Include="Lab1_Problem_11.cpp">
      <Filter>Source Files\Laboratorinis_1</Filter>
    </ClCompile>
    <ClCompile Include="Lab1_Problem_12.cpp">
      <Filter>Source Files\Laboratorinis_1</Filter>
    </ClCompile>
    <ClCompile Include="Lab1_Problem_13.cpp">
      <Filter>Source Files\Laboratorinis_1</Filter>
    </ClCompile>
    <ClCompile Include="Lab1_Problem_14.cpp">
      <Filter>Source Files\Laboratorinis_1</Filter>
    </ClCompile>
    <ClCompile Include="Lab1_Problem_15.cpp">
      <Filter>Source Files\Laboratorinis_1</Filter>
    </ClCompile>
    <ClCompile Include="Lab1_Problem_16.cpp">
      <Filter>Source Files\Laboratorinis_1</Filter>
    </ClCompile>
    <ClCompile Include="Lab1_Problem_18.cpp">
      <Filter>Source Files\Laboratorinis_1</Filter>
    </ClCompile>
    <ClCompile Include="Lab1_Problem_19.cpp">
      <Filter>Source Files\Laboratorinis_1</Filter>
    </ClCompile>
    <ClCompile Include="Lab1_Problem_20.cpp">
      <Filter>Source Files\Laboratorinis_1</Filter>
    </ClCompile>
    <ClCompile Include="Lab1_Problem_17.cpp">
      <Filter>Source Files\Laboratorinis_1</Filter>
    </ClCompile>
    <ClCompile Include="Lab3_Problem_1.cpp">
      <Filter>Source Files\Laboratorinis_3</Filter>
    </ClCompile>
    <ClCompile Include="Lab3_Problem_2.cpp">
      <Filter>Source Files\Laboratorinis_3</Filter>
    </ClCompile>
    <ClCompile Include="Lab3_Problem_3.cpp">
      <Filter>Source Files\Laboratorinis_3</Filter>
    </ClCompile>
    <ClCompile Include="Lab3_Problem_4.cpp">
      <Filter>Source Files\Laboratorinis_3</Filter>
    </ClCompile>
    <ClCompile Include="Lab3_Problem_5.cpp">
      <Filter>Source Files\Laboratorinis_3</Filter>
    </ClCompile>
    <ClCompile Include="Lab3_Problem_6.cpp">
      <Filter>Source Files\Laboratorinis_3</Filter>
    </ClCompile>
    <ClCompile Include="Lab3_Problem_7.cpp">
      <Filter>Source Files\Laboratorinis_3</Filter>
    </ClCompile>
    <ClCompile Include="Lab3_Problem_8.cpp">
      <Filter>Source Files\Laboratorinis_3</Filter>
    </ClCompile>
    <ClCompile Include="Lab3_Problem_9.cpp">
      <Filter>Source Files\Laboratorinis_3</Filter>
    </ClCompile>
    <ClCompile Include="Lab3_Problem_10.cpp">
      <Filter>Source Files\Laboratorinis_3</Filter>
    </ClCompile>
    <ClCompile Include="Lab3_Problem_11.cpp">
      <Filter>Source Files\Laboratorinis_3</Filter>
    </ClCompile>
    <ClCompile Include="Lab3_Problem_12.cpp">
      <Filter>Source Files\Laboratorinis_3</Filter>
    </ClCompile>
    <ClCompile Include="Lab3_Problem_13.cpp">
      <Filter>Source Files\Laboratorinis_3</Filter>
    </ClCompile>
    <ClCompile Include="Lab3_Problem_14.cpp">
      <Filter>Source Files\Laboratorinis_3</Filter>
    </ClCompile>
    <ClCompile Include="Lab3_Problem_15.cpp">
      <Filter>Source Files\Laboratorinis_3</Filter>
    </ClCompile>
    <ClCompile Include="Lab3_Problem_16.cpp">
      <Filter>Source Files\Laboratorinis_3</Filter>
    </ClCompile>
    <ClCompile Include="Lab3_Problem_17.cpp">
      <Filter>Source Files\Laboratorinis_3</Filter>
    </ClCompile>
    <ClCompile Include="Lab3_Problem_18.cpp">
      <Filter>Source Files\Laboratorinis_3</Filter>
    </ClCompile>
    <ClCompile Include="Lab3_Problem_19.cpp">
      <Filter>Source Files\Laboratorinis_3</Filter>
    </ClCompile>
    <ClCompile Include="Lab3_Problem_20.cpp">
      <Filter>Source Files\Laboratorinis_3</Filter>
    </ClCompile>
    <ClCompile Include="Lab3_Problem_21.cpp">
      <Filter>Source Files\Laboratorinis_3</Filter>
    </ClCompile>
  </ItemGroup>
  <ItemGroup>
    <ClInclude Include="Header.h">
      <Filter>Header Files</Filter>
    </ClInclude>
  </ItemGroup>
</Project>